
Microsoft Visual Studio Solution File, Format Version 12.00
# Visual Studio Version 17
VisualStudioVersion = 17.6.33829.357
MinimumVisualStudioVersion = 10.0.40219.1
Project("{2150E333-8FDC-42A3-9474-1A3956D46DE8}") = "1 - Palaven.Framework", "1 - Palaven.Framework", "{B1E3584C-275F-4E89-9D17-BF74882D5465}"
EndProject
Project("{2150E333-8FDC-42A3-9474-1A3956D46DE8}") = "2 - Palaven.TestingClients", "2 - Palaven.TestingClients", "{0947511F-83DB-4E8B-AD80-8612E1575924}"
EndProject
Project("{9A19103F-16F7-4668-BE54-9A1E7A4F7556}") = "Palaven.Ingest", "Palaven.Ingest\Palaven.Ingest.csproj", "{D9D4EBA5-F9E6-404D-ADF6-273DD60EF946}"
EndProject
Project("{9A19103F-16F7-4668-BE54-9A1E7A4F7556}") = "Palaven.Ingest.Client", "Palaven.Ingest.Client\Palaven.Ingest.Client.csproj", "{D0DA97D9-3D8E-4CF8-A642-0994CD10CD8D}"
EndProject
Project("{9A19103F-16F7-4668-BE54-9A1E7A4F7556}") = "Palaven.Model", "Palaven.Model\Palaven.Model.csproj", "{A444E067-D1B4-40AB-9144-114DEAA330CC}"
EndProject
Project("{9A19103F-16F7-4668-BE54-9A1E7A4F7556}") = "Palaven.Data", "Palaven.Data\Palaven.Data.csproj", "{9A0824FD-329E-464E-9E99-9F0B08DD2A23}"
EndProject
Project("{9A19103F-16F7-4668-BE54-9A1E7A4F7556}") = "Palaven.Chat", "Palaven.Chat\Palaven.Chat.csproj", "{E924363E-B32F-4741-A0A2-755D9B5F82E1}"
EndProject
Project("{9A19103F-16F7-4668-BE54-9A1E7A4F7556}") = "Palaven.VectorIndexing.Client", "Palaven.VectorIndexing.Client\Palaven.VectorIndexing.Client.csproj", "{17324144-9CCD-4F18-A98E-2B747AD43BDB}"
EndProject
Project("{9A19103F-16F7-4668-BE54-9A1E7A4F7556}") = "Palaven.Chat.Client", "Palaven.Chat.Client\Palaven.Chat.Client.csproj", "{5E468943-DE11-4C88-B2CE-EEDDDEA5EEA9}"
EndProject
Project("{9A19103F-16F7-4668-BE54-9A1E7A4F7556}") = "Palaven.VectorIndexing", "Palaven.VectorIndexing\Palaven.VectorIndexing.csproj", "{5917C0C2-4D8A-4322-9E62-3376BFE49FCF}"
EndProject
Project("{9A19103F-16F7-4668-BE54-9A1E7A4F7556}") = "Palaven.Data.Sql", "Palaven.Data.Sql\Palaven.Data.Sql.csproj", "{0DB9AA47-969D-44AA-8F04-2D6AA23A5617}"
EndProject
Project("{9A19103F-16F7-4668-BE54-9A1E7A4F7556}") = "Palaven.Api", "Palaven.Api\Palaven.Api.csproj", "{084FA55C-BAB2-4437-9960-5462591433E2}"
EndProject
Project("{9A19103F-16F7-4668-BE54-9A1E7A4F7556}") = "Palaven.Core", "Palaven.Core\Palaven.Core.csproj", "{6A4987A8-3FA3-4C0F-8F01-78A169A478D0}"
EndProject
Project("{2150E333-8FDC-42A3-9474-1A3956D46DE8}") = "3 - Palaven.Api", "3 - Palaven.Api", "{DA527458-A1A3-4D2D-A383-A705EA181EF4}"
EndProject
Project("{2150E333-8FDC-42A3-9474-1A3956D46DE8}") = "4 - Palaven.Functions", "4 - Palaven.Functions", "{EE1E4C43-A409-403C-8752-55C2608F52CA}"
EndProject
Project("{FAE04EC0-301F-11D3-BF4B-00C04F79EFBC}") = "Palaven.Etl.FunctionApp", "Palaven.Etl.FunctionApp\Palaven.Etl.FunctionApp.csproj", "{BEB9DD5F-5576-45ED-B111-E58B169F983C}"
EndProject
Project("{2150E333-8FDC-42A3-9474-1A3956D46DE8}") = "5 - Palaven.WebApps", "5 - Palaven.WebApps", "{DB0019DB-78AB-4156-A993-A370F86E58C9}"
EndProject
Project("{FAE04EC0-301F-11D3-BF4B-00C04F79EFBC}") = "Palaven.WebRazor2", "Palaven.WebRazor2\Palaven.WebRazor2.csproj", "{EFB1DA2A-40FA-4E7F-B88F-5760DC7D96C6}"
EndProject
Global
	GlobalSection(SolutionConfigurationPlatforms) = preSolution
		Debug|Any CPU = Debug|Any CPU
		Release|Any CPU = Release|Any CPU
	EndGlobalSection
	GlobalSection(ProjectConfigurationPlatforms) = postSolution
		{D9D4EBA5-F9E6-404D-ADF6-273DD60EF946}.Debug|Any CPU.ActiveCfg = Debug|Any CPU
		{D9D4EBA5-F9E6-404D-ADF6-273DD60EF946}.Debug|Any CPU.Build.0 = Debug|Any CPU
		{D9D4EBA5-F9E6-404D-ADF6-273DD60EF946}.Release|Any CPU.ActiveCfg = Release|Any CPU
		{D9D4EBA5-F9E6-404D-ADF6-273DD60EF946}.Release|Any CPU.Build.0 = Release|Any CPU
		{D0DA97D9-3D8E-4CF8-A642-0994CD10CD8D}.Debug|Any CPU.ActiveCfg = Debug|Any CPU
		{D0DA97D9-3D8E-4CF8-A642-0994CD10CD8D}.Debug|Any CPU.Build.0 = Debug|Any CPU
		{D0DA97D9-3D8E-4CF8-A642-0994CD10CD8D}.Release|Any CPU.ActiveCfg = Release|Any CPU
		{D0DA97D9-3D8E-4CF8-A642-0994CD10CD8D}.Release|Any CPU.Build.0 = Release|Any CPU
		{A444E067-D1B4-40AB-9144-114DEAA330CC}.Debug|Any CPU.ActiveCfg = Debug|Any CPU
		{A444E067-D1B4-40AB-9144-114DEAA330CC}.Debug|Any CPU.Build.0 = Debug|Any CPU
		{A444E067-D1B4-40AB-9144-114DEAA330CC}.Release|Any CPU.ActiveCfg = Release|Any CPU
		{A444E067-D1B4-40AB-9144-114DEAA330CC}.Release|Any CPU.Build.0 = Release|Any CPU
		{9A0824FD-329E-464E-9E99-9F0B08DD2A23}.Debug|Any CPU.ActiveCfg = Debug|Any CPU
		{9A0824FD-329E-464E-9E99-9F0B08DD2A23}.Debug|Any CPU.Build.0 = Debug|Any CPU
		{9A0824FD-329E-464E-9E99-9F0B08DD2A23}.Release|Any CPU.ActiveCfg = Release|Any CPU
		{9A0824FD-329E-464E-9E99-9F0B08DD2A23}.Release|Any CPU.Build.0 = Release|Any CPU
		{E924363E-B32F-4741-A0A2-755D9B5F82E1}.Debug|Any CPU.ActiveCfg = Debug|Any CPU
		{E924363E-B32F-4741-A0A2-755D9B5F82E1}.Debug|Any CPU.Build.0 = Debug|Any CPU
		{E924363E-B32F-4741-A0A2-755D9B5F82E1}.Release|Any CPU.ActiveCfg = Release|Any CPU
		{E924363E-B32F-4741-A0A2-755D9B5F82E1}.Release|Any CPU.Build.0 = Release|Any CPU
		{17324144-9CCD-4F18-A98E-2B747AD43BDB}.Debug|Any CPU.ActiveCfg = Debug|Any CPU
		{17324144-9CCD-4F18-A98E-2B747AD43BDB}.Debug|Any CPU.Build.0 = Debug|Any CPU
		{17324144-9CCD-4F18-A98E-2B747AD43BDB}.Release|Any CPU.ActiveCfg = Release|Any CPU
		{17324144-9CCD-4F18-A98E-2B747AD43BDB}.Release|Any CPU.Build.0 = Release|Any CPU
		{5E468943-DE11-4C88-B2CE-EEDDDEA5EEA9}.Debug|Any CPU.ActiveCfg = Debug|Any CPU
		{5E468943-DE11-4C88-B2CE-EEDDDEA5EEA9}.Debug|Any CPU.Build.0 = Debug|Any CPU
		{5E468943-DE11-4C88-B2CE-EEDDDEA5EEA9}.Release|Any CPU.ActiveCfg = Release|Any CPU
		{5E468943-DE11-4C88-B2CE-EEDDDEA5EEA9}.Release|Any CPU.Build.0 = Release|Any CPU
		{5917C0C2-4D8A-4322-9E62-3376BFE49FCF}.Debug|Any CPU.ActiveCfg = Debug|Any CPU
		{5917C0C2-4D8A-4322-9E62-3376BFE49FCF}.Debug|Any CPU.Build.0 = Debug|Any CPU
		{5917C0C2-4D8A-4322-9E62-3376BFE49FCF}.Release|Any CPU.ActiveCfg = Release|Any CPU
		{5917C0C2-4D8A-4322-9E62-3376BFE49FCF}.Release|Any CPU.Build.0 = Release|Any CPU
		{0DB9AA47-969D-44AA-8F04-2D6AA23A5617}.Debug|Any CPU.ActiveCfg = Debug|Any CPU
		{0DB9AA47-969D-44AA-8F04-2D6AA23A5617}.Debug|Any CPU.Build.0 = Debug|Any CPU
		{0DB9AA47-969D-44AA-8F04-2D6AA23A5617}.Release|Any CPU.ActiveCfg = Release|Any CPU
		{0DB9AA47-969D-44AA-8F04-2D6AA23A5617}.Release|Any CPU.Build.0 = Release|Any CPU
		{084FA55C-BAB2-4437-9960-5462591433E2}.Debug|Any CPU.ActiveCfg = Debug|Any CPU
		{084FA55C-BAB2-4437-9960-5462591433E2}.Debug|Any CPU.Build.0 = Debug|Any CPU
		{084FA55C-BAB2-4437-9960-5462591433E2}.Release|Any CPU.ActiveCfg = Release|Any CPU
		{084FA55C-BAB2-4437-9960-5462591433E2}.Release|Any CPU.Build.0 = Release|Any CPU
		{6A4987A8-3FA3-4C0F-8F01-78A169A478D0}.Debug|Any CPU.ActiveCfg = Debug|Any CPU
		{6A4987A8-3FA3-4C0F-8F01-78A169A478D0}.Debug|Any CPU.Build.0 = Debug|Any CPU
		{6A4987A8-3FA3-4C0F-8F01-78A169A478D0}.Release|Any CPU.ActiveCfg = Release|Any CPU
		{6A4987A8-3FA3-4C0F-8F01-78A169A478D0}.Release|Any CPU.Build.0 = Release|Any CPU
		{BEB9DD5F-5576-45ED-B111-E58B169F983C}.Debug|Any CPU.ActiveCfg = Debug|Any CPU
		{BEB9DD5F-5576-45ED-B111-E58B169F983C}.Debug|Any CPU.Build.0 = Debug|Any CPU
		{BEB9DD5F-5576-45ED-B111-E58B169F983C}.Release|Any CPU.ActiveCfg = Release|Any CPU
		{BEB9DD5F-5576-45ED-B111-E58B169F983C}.Release|Any CPU.Build.0 = Release|Any CPU
		{EFB1DA2A-40FA-4E7F-B88F-5760DC7D96C6}.Debug|Any CPU.ActiveCfg = Debug|Any CPU
		{EFB1DA2A-40FA-4E7F-B88F-5760DC7D96C6}.Debug|Any CPU.Build.0 = Debug|Any CPU
		{EFB1DA2A-40FA-4E7F-B88F-5760DC7D96C6}.Release|Any CPU.ActiveCfg = Release|Any CPU
		{EFB1DA2A-40FA-4E7F-B88F-5760DC7D96C6}.Release|Any CPU.Build.0 = Release|Any CPU
	EndGlobalSection
	GlobalSection(SolutionProperties) = preSolution
		HideSolutionNode = FALSE
	EndGlobalSection
	GlobalSection(NestedProjects) = preSolution
		{D9D4EBA5-F9E6-404D-ADF6-273DD60EF946} = {B1E3584C-275F-4E89-9D17-BF74882D5465}
		{D0DA97D9-3D8E-4CF8-A642-0994CD10CD8D} = {0947511F-83DB-4E8B-AD80-8612E1575924}
		{A444E067-D1B4-40AB-9144-114DEAA330CC} = {B1E3584C-275F-4E89-9D17-BF74882D5465}
		{9A0824FD-329E-464E-9E99-9F0B08DD2A23} = {B1E3584C-275F-4E89-9D17-BF74882D5465}
		{E924363E-B32F-4741-A0A2-755D9B5F82E1} = {B1E3584C-275F-4E89-9D17-BF74882D5465}
		{17324144-9CCD-4F18-A98E-2B747AD43BDB} = {0947511F-83DB-4E8B-AD80-8612E1575924}
		{5E468943-DE11-4C88-B2CE-EEDDDEA5EEA9} = {0947511F-83DB-4E8B-AD80-8612E1575924}
		{5917C0C2-4D8A-4322-9E62-3376BFE49FCF} = {B1E3584C-275F-4E89-9D17-BF74882D5465}
		{0DB9AA47-969D-44AA-8F04-2D6AA23A5617} = {B1E3584C-275F-4E89-9D17-BF74882D5465}
		{084FA55C-BAB2-4437-9960-5462591433E2} = {DA527458-A1A3-4D2D-A383-A705EA181EF4}
		{6A4987A8-3FA3-4C0F-8F01-78A169A478D0} = {B1E3584C-275F-4E89-9D17-BF74882D5465}
		{BEB9DD5F-5576-45ED-B111-E58B169F983C} = {EE1E4C43-A409-403C-8752-55C2608F52CA}
		{EFB1DA2A-40FA-4E7F-B88F-5760DC7D96C6} = {DB0019DB-78AB-4156-A993-A370F86E58C9}
	EndGlobalSection
	GlobalSection(ExtensibilityGlobals) = postSolution
		SolutionGuid = {E278837F-4CA4-43C3-9874-FE884FA0982F}
	EndGlobalSection
EndGlobal
