
Microsoft Visual Studio Solution File, Format Version 12.00
# Visual Studio Version 17
VisualStudioVersion = 17.6.33829.357
MinimumVisualStudioVersion = 10.0.40219.1
Project("{2150E333-8FDC-42A3-9474-1A3956D46DE8}") = "1 - Palaven.Framework", "1 - Palaven.Framework", "{B1E3584C-275F-4E89-9D17-BF74882D5465}"
EndProject
Project("{2150E333-8FDC-42A3-9474-1A3956D46DE8}") = "2 - Palaven.TestingClients", "2 - Palaven.TestingClients", "{0947511F-83DB-4E8B-AD80-8612E1575924}"
EndProject
Project("{9A19103F-16F7-4668-BE54-9A1E7A4F7556}") = "Palaven.Ingest", "Palaven.Ingest\Palaven.Ingest.csproj", "{D9D4EBA5-F9E6-404D-ADF6-273DD60EF946}"
EndProject
Project("{9A19103F-16F7-4668-BE54-9A1E7A4F7556}") = "Palaven.Ingest.Client", "Palaven.Ingest.Client\Palaven.Ingest.Client.csproj", "{D0DA97D9-3D8E-4CF8-A642-0994CD10CD8D}"
EndProject
Project("{9A19103F-16F7-4668-BE54-9A1E7A4F7556}") = "Palaven.Model", "Palaven.Model\Palaven.Model.csproj", "{A444E067-D1B4-40AB-9144-114DEAA330CC}"
EndProject
Project("{9A19103F-16F7-4668-BE54-9A1E7A4F7556}") = "Palaven.Chat", "Palaven.Chat\Palaven.Chat.csproj", "{E924363E-B32F-4741-A0A2-755D9B5F82E1}"
EndProject
Project("{9A19103F-16F7-4668-BE54-9A1E7A4F7556}") = "Palaven.VectorIndexing.Client", "Palaven.VectorIndexing.Client\Palaven.VectorIndexing.Client.csproj", "{17324144-9CCD-4F18-A98E-2B747AD43BDB}"
EndProject
Project("{9A19103F-16F7-4668-BE54-9A1E7A4F7556}") = "Palaven.Chat.Client", "Palaven.Chat.Client\Palaven.Chat.Client.csproj", "{5E468943-DE11-4C88-B2CE-EEDDDEA5EEA9}"
EndProject
Project("{9A19103F-16F7-4668-BE54-9A1E7A4F7556}") = "Palaven.VectorIndexing", "Palaven.VectorIndexing\Palaven.VectorIndexing.csproj", "{5917C0C2-4D8A-4322-9E62-3376BFE49FCF}"
EndProject
Project("{9A19103F-16F7-4668-BE54-9A1E7A4F7556}") = "Palaven.Data.Sql", "Palaven.Data.Sql\Palaven.Data.Sql.csproj", "{0DB9AA47-969D-44AA-8F04-2D6AA23A5617}"
EndProject
Project("{9A19103F-16F7-4668-BE54-9A1E7A4F7556}") = "Palaven.Api", "Palaven.Api\Palaven.Api.csproj", "{084FA55C-BAB2-4437-9960-5462591433E2}"
EndProject
Project("{9A19103F-16F7-4668-BE54-9A1E7A4F7556}") = "Palaven.Core", "Palaven.Core\Palaven.Core.csproj", "{6A4987A8-3FA3-4C0F-8F01-78A169A478D0}"
EndProject
Project("{2150E333-8FDC-42A3-9474-1A3956D46DE8}") = "3 - Palaven.Api", "3 - Palaven.Api", "{DA527458-A1A3-4D2D-A383-A705EA181EF4}"
EndProject
Project("{2150E333-8FDC-42A3-9474-1A3956D46DE8}") = "4 - Palaven.Functions", "4 - Palaven.Functions", "{EE1E4C43-A409-403C-8752-55C2608F52CA}"
EndProject
Project("{2150E333-8FDC-42A3-9474-1A3956D46DE8}") = "5 - Palaven.WebApp", "5 - Palaven.WebApp", "{B06D678A-E85F-485F-9E18-219683DC958E}"
EndProject
Project("{9A19103F-16F7-4668-BE54-9A1E7A4F7556}") = "Palaven.WebRazor", "Palaven.WebRazor\Palaven.WebRazor.csproj", "{9D19BBAA-CE5D-4AD3-9231-68C1EE9CA267}"
EndProject
Project("{9A19103F-16F7-4668-BE54-9A1E7A4F7556}") = "Palaven.Data.NoSql", "Palaven.Data.NoSql\Palaven.Data.NoSql.csproj", "{DCDDBF6E-B49B-4C4D-B637-FB7CAE6381FB}"
EndProject
Project("{9A19103F-16F7-4668-BE54-9A1E7A4F7556}") = "Palaven.Etl.FunctionApp", "Palaven.Etl.FunctionApp\Palaven.Etl.FunctionApp.csproj", "{57943BDA-D7BE-461C-960C-FF70D4FB8134}"
EndProject
Project("{2150E333-8FDC-42A3-9474-1A3956D46DE8}") = "1 - Palaven.Framework.Testing", "1 - Palaven.Framework.Testing", "{4A512285-0E5A-4C67-BBED-9984A880A8BD}"
EndProject
Project("{9A19103F-16F7-4668-BE54-9A1E7A4F7556}") = "Palaven.Ingest.Test", "Palaven.Ingest.Test\Palaven.Ingest.Test.csproj", "{759D16E3-2E7E-47E1-A369-3BC4EC1F13BF}"
EndProject
Global
	GlobalSection(SolutionConfigurationPlatforms) = preSolution
		Debug|Any CPU = Debug|Any CPU
		Release|Any CPU = Release|Any CPU
	EndGlobalSection
	GlobalSection(ProjectConfigurationPlatforms) = postSolution
		{D9D4EBA5-F9E6-404D-ADF6-273DD60EF946}.Debug|Any CPU.ActiveCfg = Debug|Any CPU
		{D9D4EBA5-F9E6-404D-ADF6-273DD60EF946}.Debug|Any CPU.Build.0 = Debug|Any CPU
		{D9D4EBA5-F9E6-404D-ADF6-273DD60EF946}.Release|Any CPU.ActiveCfg = Release|Any CPU
		{D9D4EBA5-F9E6-404D-ADF6-273DD60EF946}.Release|Any CPU.Build.0 = Release|Any CPU
		{D0DA97D9-3D8E-4CF8-A642-0994CD10CD8D}.Debug|Any CPU.ActiveCfg = Debug|Any CPU
		{D0DA97D9-3D8E-4CF8-A642-0994CD10CD8D}.Debug|Any CPU.Build.0 = Debug|Any CPU
		{D0DA97D9-3D8E-4CF8-A642-0994CD10CD8D}.Release|Any CPU.ActiveCfg = Release|Any CPU
		{D0DA97D9-3D8E-4CF8-A642-0994CD10CD8D}.Release|Any CPU.Build.0 = Release|Any CPU
		{A444E067-D1B4-40AB-9144-114DEAA330CC}.Debug|Any CPU.ActiveCfg = Debug|Any CPU
		{A444E067-D1B4-40AB-9144-114DEAA330CC}.Debug|Any CPU.Build.0 = Debug|Any CPU
		{A444E067-D1B4-40AB-9144-114DEAA330CC}.Release|Any CPU.ActiveCfg = Release|Any CPU
		{A444E067-D1B4-40AB-9144-114DEAA330CC}.Release|Any CPU.Build.0 = Release|Any CPU
		{E924363E-B32F-4741-A0A2-755D9B5F82E1}.Debug|Any CPU.ActiveCfg = Debug|Any CPU
		{E924363E-B32F-4741-A0A2-755D9B5F82E1}.Debug|Any CPU.Build.0 = Debug|Any CPU
		{E924363E-B32F-4741-A0A2-755D9B5F82E1}.Release|Any CPU.ActiveCfg = Release|Any CPU
		{E924363E-B32F-4741-A0A2-755D9B5F82E1}.Release|Any CPU.Build.0 = Release|Any CPU
		{17324144-9CCD-4F18-A98E-2B747AD43BDB}.Debug|Any CPU.ActiveCfg = Debug|Any CPU
		{17324144-9CCD-4F18-A98E-2B747AD43BDB}.Debug|Any CPU.Build.0 = Debug|Any CPU
		{17324144-9CCD-4F18-A98E-2B747AD43BDB}.Release|Any CPU.ActiveCfg = Release|Any CPU
		{17324144-9CCD-4F18-A98E-2B747AD43BDB}.Release|Any CPU.Build.0 = Release|Any CPU
		{5E468943-DE11-4C88-B2CE-EEDDDEA5EEA9}.Debug|Any CPU.ActiveCfg = Debug|Any CPU
		{5E468943-DE11-4C88-B2CE-EEDDDEA5EEA9}.Debug|Any CPU.Build.0 = Debug|Any CPU
		{5E468943-DE11-4C88-B2CE-EEDDDEA5EEA9}.Release|Any CPU.ActiveCfg = Release|Any CPU
		{5E468943-DE11-4C88-B2CE-EEDDDEA5EEA9}.Release|Any CPU.Build.0 = Release|Any CPU
		{5917C0C2-4D8A-4322-9E62-3376BFE49FCF}.Debug|Any CPU.ActiveCfg = Debug|Any CPU
		{5917C0C2-4D8A-4322-9E62-3376BFE49FCF}.Debug|Any CPU.Build.0 = Debug|Any CPU
		{5917C0C2-4D8A-4322-9E62-3376BFE49FCF}.Release|Any CPU.ActiveCfg = Release|Any CPU
		{5917C0C2-4D8A-4322-9E62-3376BFE49FCF}.Release|Any CPU.Build.0 = Release|Any CPU
		{0DB9AA47-969D-44AA-8F04-2D6AA23A5617}.Debug|Any CPU.ActiveCfg = Debug|Any CPU
		{0DB9AA47-969D-44AA-8F04-2D6AA23A5617}.Debug|Any CPU.Build.0 = Debug|Any CPU
		{0DB9AA47-969D-44AA-8F04-2D6AA23A5617}.Release|Any CPU.ActiveCfg = Release|Any CPU
		{0DB9AA47-969D-44AA-8F04-2D6AA23A5617}.Release|Any CPU.Build.0 = Release|Any CPU
		{084FA55C-BAB2-4437-9960-5462591433E2}.Debug|Any CPU.ActiveCfg = Debug|Any CPU
		{084FA55C-BAB2-4437-9960-5462591433E2}.Debug|Any CPU.Build.0 = Debug|Any CPU
		{084FA55C-BAB2-4437-9960-5462591433E2}.Release|Any CPU.ActiveCfg = Release|Any CPU
		{084FA55C-BAB2-4437-9960-5462591433E2}.Release|Any CPU.Build.0 = Release|Any CPU
		{6A4987A8-3FA3-4C0F-8F01-78A169A478D0}.Debug|Any CPU.ActiveCfg = Debug|Any CPU
		{6A4987A8-3FA3-4C0F-8F01-78A169A478D0}.Debug|Any CPU.Build.0 = Debug|Any CPU
		{6A4987A8-3FA3-4C0F-8F01-78A169A478D0}.Release|Any CPU.ActiveCfg = Release|Any CPU
		{6A4987A8-3FA3-4C0F-8F01-78A169A478D0}.Release|Any CPU.Build.0 = Release|Any CPU
		{9D19BBAA-CE5D-4AD3-9231-68C1EE9CA267}.Debug|Any CPU.ActiveCfg = Debug|Any CPU
		{9D19BBAA-CE5D-4AD3-9231-68C1EE9CA267}.Debug|Any CPU.Build.0 = Debug|Any CPU
		{9D19BBAA-CE5D-4AD3-9231-68C1EE9CA267}.Release|Any CPU.ActiveCfg = Release|Any CPU
		{9D19BBAA-CE5D-4AD3-9231-68C1EE9CA267}.Release|Any CPU.Build.0 = Release|Any CPU
		{DCDDBF6E-B49B-4C4D-B637-FB7CAE6381FB}.Debug|Any CPU.ActiveCfg = Debug|Any CPU
		{DCDDBF6E-B49B-4C4D-B637-FB7CAE6381FB}.Debug|Any CPU.Build.0 = Debug|Any CPU
		{DCDDBF6E-B49B-4C4D-B637-FB7CAE6381FB}.Release|Any CPU.ActiveCfg = Release|Any CPU
		{DCDDBF6E-B49B-4C4D-B637-FB7CAE6381FB}.Release|Any CPU.Build.0 = Release|Any CPU
		{57943BDA-D7BE-461C-960C-FF70D4FB8134}.Debug|Any CPU.ActiveCfg = Debug|Any CPU
		{57943BDA-D7BE-461C-960C-FF70D4FB8134}.Debug|Any CPU.Build.0 = Debug|Any CPU
		{57943BDA-D7BE-461C-960C-FF70D4FB8134}.Release|Any CPU.ActiveCfg = Release|Any CPU
		{57943BDA-D7BE-461C-960C-FF70D4FB8134}.Release|Any CPU.Build.0 = Release|Any CPU
		{759D16E3-2E7E-47E1-A369-3BC4EC1F13BF}.Debug|Any CPU.ActiveCfg = Debug|Any CPU
		{759D16E3-2E7E-47E1-A369-3BC4EC1F13BF}.Debug|Any CPU.Build.0 = Debug|Any CPU
		{759D16E3-2E7E-47E1-A369-3BC4EC1F13BF}.Release|Any CPU.ActiveCfg = Release|Any CPU
		{759D16E3-2E7E-47E1-A369-3BC4EC1F13BF}.Release|Any CPU.Build.0 = Release|Any CPU
	EndGlobalSection
	GlobalSection(SolutionProperties) = preSolution
		HideSolutionNode = FALSE
	EndGlobalSection
	GlobalSection(NestedProjects) = preSolution
		{D9D4EBA5-F9E6-404D-ADF6-273DD60EF946} = {B1E3584C-275F-4E89-9D17-BF74882D5465}
		{D0DA97D9-3D8E-4CF8-A642-0994CD10CD8D} = {0947511F-83DB-4E8B-AD80-8612E1575924}
		{A444E067-D1B4-40AB-9144-114DEAA330CC} = {B1E3584C-275F-4E89-9D17-BF74882D5465}
		{E924363E-B32F-4741-A0A2-755D9B5F82E1} = {B1E3584C-275F-4E89-9D17-BF74882D5465}
		{17324144-9CCD-4F18-A98E-2B747AD43BDB} = {0947511F-83DB-4E8B-AD80-8612E1575924}
		{5E468943-DE11-4C88-B2CE-EEDDDEA5EEA9} = {0947511F-83DB-4E8B-AD80-8612E1575924}
		{5917C0C2-4D8A-4322-9E62-3376BFE49FCF} = {B1E3584C-275F-4E89-9D17-BF74882D5465}
		{0DB9AA47-969D-44AA-8F04-2D6AA23A5617} = {B1E3584C-275F-4E89-9D17-BF74882D5465}
		{084FA55C-BAB2-4437-9960-5462591433E2} = {DA527458-A1A3-4D2D-A383-A705EA181EF4}
		{6A4987A8-3FA3-4C0F-8F01-78A169A478D0} = {B1E3584C-275F-4E89-9D17-BF74882D5465}
		{9D19BBAA-CE5D-4AD3-9231-68C1EE9CA267} = {B06D678A-E85F-485F-9E18-219683DC958E}
		{DCDDBF6E-B49B-4C4D-B637-FB7CAE6381FB} = {B1E3584C-275F-4E89-9D17-BF74882D5465}
		{57943BDA-D7BE-461C-960C-FF70D4FB8134} = {EE1E4C43-A409-403C-8752-55C2608F52CA}
		{759D16E3-2E7E-47E1-A369-3BC4EC1F13BF} = {4A512285-0E5A-4C67-BBED-9984A880A8BD}
	EndGlobalSection
	GlobalSection(ExtensibilityGlobals) = postSolution
		SolutionGuid = {E278837F-4CA4-43C3-9874-FE884FA0982F}
	EndGlobalSection
EndGlobal
