
Microsoft Visual Studio Solution File, Format Version 12.00
# Visual Studio Version 17
VisualStudioVersion = 17.6.33829.357
MinimumVisualStudioVersion = 10.0.40219.1
Project("{2150E333-8FDC-42A3-9474-1A3956D46DE8}") = "1 - Application", "1 - Application", "{B1E3584C-275F-4E89-9D17-BF74882D5465}"
EndProject
Project("{2150E333-8FDC-42A3-9474-1A3956D46DE8}") = "2 - Palaven.Api", "2 - Palaven.Api", "{DA527458-A1A3-4D2D-A383-A705EA181EF4}"
EndProject
Project("{2150E333-8FDC-42A3-9474-1A3956D46DE8}") = "3 - Palaven.Functions", "3 - Palaven.Functions", "{EE1E4C43-A409-403C-8752-55C2608F52CA}"
EndProject
Project("{2150E333-8FDC-42A3-9474-1A3956D46DE8}") = "4 - Palaven.WebApp", "4 - Palaven.WebApp", "{B06D678A-E85F-485F-9E18-219683DC958E}"
EndProject
Project("{9A19103F-16F7-4668-BE54-9A1E7A4F7556}") = "Palaven.WebRazor", "Palaven.WebRazor\Palaven.WebRazor.csproj", "{9D19BBAA-CE5D-4AD3-9231-68C1EE9CA267}"
EndProject
Project("{2150E333-8FDC-42A3-9474-1A3956D46DE8}") = "5 - Palaven.Framework.Testing", "5 - Palaven.Framework.Testing", "{4A512285-0E5A-4C67-BBED-9984A880A8BD}"
EndProject
Project("{2150E333-8FDC-42A3-9474-1A3956D46DE8}") = "2 - Infrastructure", "2 - Infrastructure", "{17A8060F-4D72-4F76-A50E-1A12A15907BE}"
EndProject
Project("{9A19103F-16F7-4668-BE54-9A1E7A4F7556}") = "Palaven.Application.Ingest", "Palaven.Application.Ingest\Palaven.Application.Ingest.csproj", "{724FA726-FF23-4178-A66D-450AD0C295A5}"
EndProject
Project("{9A19103F-16F7-4668-BE54-9A1E7A4F7556}") = "Palaven.Persistence.CosmosDB", "Palaven.Persistence.CosmosDB\Palaven.Persistence.CosmosDB.csproj", "{171F3E89-9825-4D0B-B50F-662F1FB9EC43}"
EndProject
Project("{9A19103F-16F7-4668-BE54-9A1E7A4F7556}") = "Palaven.Persistence.EntityFramework", "Palaven.Persistence.EntityFramework\Palaven.Persistence.EntityFramework.csproj", "{9EFBA4A2-6B3D-4F1E-8B74-62BAF342C73B}"
EndProject
Project("{9A19103F-16F7-4668-BE54-9A1E7A4F7556}") = "Palaven.Application.Model", "Palaven.Application.Model\Palaven.Application.Model.csproj", "{8CF38C42-A06F-4858-B3AB-1144A74B4D3E}"
EndProject
Project("{9A19103F-16F7-4668-BE54-9A1E7A4F7556}") = "Palaven.Infrastructure.Abstractions", "Palaven.Infrastructure.Abstractions\Palaven.Infrastructure.Abstractions.csproj", "{8AFD112E-895D-435E-926B-99D4A13A2AE4}"
EndProject
Project("{9A19103F-16F7-4668-BE54-9A1E7A4F7556}") = "Palaven.Infrastructure.Model", "Palaven.Infrastructure.Model\Palaven.Infrastructure.Model.csproj", "{3F3A868E-08B0-4E53-81EA-1E8C1964C33E}"
EndProject
Project("{9A19103F-16F7-4668-BE54-9A1E7A4F7556}") = "Palaven.Infrastructure.MicrosoftAzure", "Palaven.Infrastructure.MicrosoftAzure\Palaven.Infrastructure.MicrosoftAzure.csproj", "{AF221FED-9321-40E9-8F6C-5D0ABE1DA18F}"
EndProject
Project("{9A19103F-16F7-4668-BE54-9A1E7A4F7556}") = "Palaven.Application.Abstractions", "Palaven.Application.Abstractions\Palaven.Application.Abstractions.csproj", "{25570D43-A2C8-461A-89A4-4C049E14C052}"
EndProject
Project("{9A19103F-16F7-4668-BE54-9A1E7A4F7556}") = "Palaven.Application.VectorIndexing", "Palaven.Application.VectorIndexing\Palaven.Application.VectorIndexing.csproj", "{3504934A-4B39-419A-AD1E-4DD5A36B4FF9}"
EndProject
Project("{9A19103F-16F7-4668-BE54-9A1E7A4F7556}") = "Palaven.Infrastructure.VectorIndexing", "Palaven.Infrastructure.VectorIndexing\Palaven.Infrastructure.VectorIndexing.csproj", "{9B625355-F871-4E1B-BD3F-DEADBFC88902}"
EndProject
Project("{9A19103F-16F7-4668-BE54-9A1E7A4F7556}") = "Palaven.Infrastructure.Llm", "Palaven.Infrastructure.Llm\Palaven.Infrastructure.Llm.csproj", "{D599C452-0098-4693-8CC3-6BCA9DD02D0C}"
EndProject
Project("{9A19103F-16F7-4668-BE54-9A1E7A4F7556}") = "Palaven.Application", "Palaven.Application\Palaven.Application.csproj", "{AC031113-F525-4263-A608-C24FEBD5D005}"
EndProject
Project("{9A19103F-16F7-4668-BE54-9A1E7A4F7556}") = "Palaven.Api", "Palaven.Api\Palaven.Api.csproj", "{99CE05FE-84CD-4CF1-8B00-E4E422154E43}"
EndProject
Project("{FAE04EC0-301F-11D3-BF4B-00C04F79EFBC}") = "Palaven.IntegrationTests", "Palaven.IntegrationTests\Palaven.IntegrationTests.csproj", "{9AE5F660-7A7A-407E-AE84-9CA6C7198059}"
EndProject
Project("{FAE04EC0-301F-11D3-BF4B-00C04F79EFBC}") = "Palaven.PdfIngest.FunctionApp", "Palaven.PdfIngest.FunctionApp\Palaven.PdfIngest.FunctionApp.csproj", "{896D1268-0489-474A-A23E-822AD480977D}"
EndProject
Project("{FAE04EC0-301F-11D3-BF4B-00C04F79EFBC}") = "Palaven.PdfConsumption.FunctionApp", "Palaven.PdfConsumption.FunctionApp\Palaven.PdfConsumption.FunctionApp.csproj", "{A1895675-C08F-440F-80DA-B2275CED7E7D}"
EndProject
Project("{2150E333-8FDC-42A3-9474-1A3956D46DE8}") = "0 - Common", "0 - Common", "{94DCFDB9-D975-4586-8C3C-CDF945F81EF6}"
EndProject
Project("{FAE04EC0-301F-11D3-BF4B-00C04F79EFBC}") = "Palaven.Common", "Palaven.Common\Palaven.Common.csproj", "{80B71A42-B8FD-4DCB-BAE9-5666D8003B08}"
EndProject
Global
	GlobalSection(SolutionConfigurationPlatforms) = preSolution
		Debug|Any CPU = Debug|Any CPU
		Release|Any CPU = Release|Any CPU
	EndGlobalSection
	GlobalSection(ProjectConfigurationPlatforms) = postSolution
		{9D19BBAA-CE5D-4AD3-9231-68C1EE9CA267}.Debug|Any CPU.ActiveCfg = Debug|Any CPU
		{9D19BBAA-CE5D-4AD3-9231-68C1EE9CA267}.Debug|Any CPU.Build.0 = Debug|Any CPU
		{9D19BBAA-CE5D-4AD3-9231-68C1EE9CA267}.Release|Any CPU.ActiveCfg = Release|Any CPU
		{9D19BBAA-CE5D-4AD3-9231-68C1EE9CA267}.Release|Any CPU.Build.0 = Release|Any CPU
		{724FA726-FF23-4178-A66D-450AD0C295A5}.Debug|Any CPU.ActiveCfg = Debug|Any CPU
		{724FA726-FF23-4178-A66D-450AD0C295A5}.Debug|Any CPU.Build.0 = Debug|Any CPU
		{724FA726-FF23-4178-A66D-450AD0C295A5}.Release|Any CPU.ActiveCfg = Release|Any CPU
		{724FA726-FF23-4178-A66D-450AD0C295A5}.Release|Any CPU.Build.0 = Release|Any CPU
		{171F3E89-9825-4D0B-B50F-662F1FB9EC43}.Debug|Any CPU.ActiveCfg = Debug|Any CPU
		{171F3E89-9825-4D0B-B50F-662F1FB9EC43}.Debug|Any CPU.Build.0 = Debug|Any CPU
		{171F3E89-9825-4D0B-B50F-662F1FB9EC43}.Release|Any CPU.ActiveCfg = Release|Any CPU
		{171F3E89-9825-4D0B-B50F-662F1FB9EC43}.Release|Any CPU.Build.0 = Release|Any CPU
		{9EFBA4A2-6B3D-4F1E-8B74-62BAF342C73B}.Debug|Any CPU.ActiveCfg = Debug|Any CPU
		{9EFBA4A2-6B3D-4F1E-8B74-62BAF342C73B}.Debug|Any CPU.Build.0 = Debug|Any CPU
		{9EFBA4A2-6B3D-4F1E-8B74-62BAF342C73B}.Release|Any CPU.ActiveCfg = Release|Any CPU
		{9EFBA4A2-6B3D-4F1E-8B74-62BAF342C73B}.Release|Any CPU.Build.0 = Release|Any CPU
		{8CF38C42-A06F-4858-B3AB-1144A74B4D3E}.Debug|Any CPU.ActiveCfg = Debug|Any CPU
		{8CF38C42-A06F-4858-B3AB-1144A74B4D3E}.Debug|Any CPU.Build.0 = Debug|Any CPU
		{8CF38C42-A06F-4858-B3AB-1144A74B4D3E}.Release|Any CPU.ActiveCfg = Release|Any CPU
		{8CF38C42-A06F-4858-B3AB-1144A74B4D3E}.Release|Any CPU.Build.0 = Release|Any CPU
		{8AFD112E-895D-435E-926B-99D4A13A2AE4}.Debug|Any CPU.ActiveCfg = Debug|Any CPU
		{8AFD112E-895D-435E-926B-99D4A13A2AE4}.Debug|Any CPU.Build.0 = Debug|Any CPU
		{8AFD112E-895D-435E-926B-99D4A13A2AE4}.Release|Any CPU.ActiveCfg = Release|Any CPU
		{8AFD112E-895D-435E-926B-99D4A13A2AE4}.Release|Any CPU.Build.0 = Release|Any CPU
		{3F3A868E-08B0-4E53-81EA-1E8C1964C33E}.Debug|Any CPU.ActiveCfg = Debug|Any CPU
		{3F3A868E-08B0-4E53-81EA-1E8C1964C33E}.Debug|Any CPU.Build.0 = Debug|Any CPU
		{3F3A868E-08B0-4E53-81EA-1E8C1964C33E}.Release|Any CPU.ActiveCfg = Release|Any CPU
		{3F3A868E-08B0-4E53-81EA-1E8C1964C33E}.Release|Any CPU.Build.0 = Release|Any CPU
		{AF221FED-9321-40E9-8F6C-5D0ABE1DA18F}.Debug|Any CPU.ActiveCfg = Debug|Any CPU
		{AF221FED-9321-40E9-8F6C-5D0ABE1DA18F}.Debug|Any CPU.Build.0 = Debug|Any CPU
		{AF221FED-9321-40E9-8F6C-5D0ABE1DA18F}.Release|Any CPU.ActiveCfg = Release|Any CPU
		{AF221FED-9321-40E9-8F6C-5D0ABE1DA18F}.Release|Any CPU.Build.0 = Release|Any CPU
		{25570D43-A2C8-461A-89A4-4C049E14C052}.Debug|Any CPU.ActiveCfg = Debug|Any CPU
		{25570D43-A2C8-461A-89A4-4C049E14C052}.Debug|Any CPU.Build.0 = Debug|Any CPU
		{25570D43-A2C8-461A-89A4-4C049E14C052}.Release|Any CPU.ActiveCfg = Release|Any CPU
		{25570D43-A2C8-461A-89A4-4C049E14C052}.Release|Any CPU.Build.0 = Release|Any CPU
		{3504934A-4B39-419A-AD1E-4DD5A36B4FF9}.Debug|Any CPU.ActiveCfg = Debug|Any CPU
		{3504934A-4B39-419A-AD1E-4DD5A36B4FF9}.Debug|Any CPU.Build.0 = Debug|Any CPU
		{3504934A-4B39-419A-AD1E-4DD5A36B4FF9}.Release|Any CPU.ActiveCfg = Release|Any CPU
		{3504934A-4B39-419A-AD1E-4DD5A36B4FF9}.Release|Any CPU.Build.0 = Release|Any CPU
		{9B625355-F871-4E1B-BD3F-DEADBFC88902}.Debug|Any CPU.ActiveCfg = Debug|Any CPU
		{9B625355-F871-4E1B-BD3F-DEADBFC88902}.Debug|Any CPU.Build.0 = Debug|Any CPU
		{9B625355-F871-4E1B-BD3F-DEADBFC88902}.Release|Any CPU.ActiveCfg = Release|Any CPU
		{9B625355-F871-4E1B-BD3F-DEADBFC88902}.Release|Any CPU.Build.0 = Release|Any CPU
		{D599C452-0098-4693-8CC3-6BCA9DD02D0C}.Debug|Any CPU.ActiveCfg = Debug|Any CPU
		{D599C452-0098-4693-8CC3-6BCA9DD02D0C}.Debug|Any CPU.Build.0 = Debug|Any CPU
		{D599C452-0098-4693-8CC3-6BCA9DD02D0C}.Release|Any CPU.ActiveCfg = Release|Any CPU
		{D599C452-0098-4693-8CC3-6BCA9DD02D0C}.Release|Any CPU.Build.0 = Release|Any CPU
		{AC031113-F525-4263-A608-C24FEBD5D005}.Debug|Any CPU.ActiveCfg = Debug|Any CPU
		{AC031113-F525-4263-A608-C24FEBD5D005}.Debug|Any CPU.Build.0 = Debug|Any CPU
		{AC031113-F525-4263-A608-C24FEBD5D005}.Release|Any CPU.ActiveCfg = Release|Any CPU
		{AC031113-F525-4263-A608-C24FEBD5D005}.Release|Any CPU.Build.0 = Release|Any CPU
		{99CE05FE-84CD-4CF1-8B00-E4E422154E43}.Debug|Any CPU.ActiveCfg = Debug|Any CPU
		{99CE05FE-84CD-4CF1-8B00-E4E422154E43}.Debug|Any CPU.Build.0 = Debug|Any CPU
		{99CE05FE-84CD-4CF1-8B00-E4E422154E43}.Release|Any CPU.ActiveCfg = Release|Any CPU
		{99CE05FE-84CD-4CF1-8B00-E4E422154E43}.Release|Any CPU.Build.0 = Release|Any CPU
		{9AE5F660-7A7A-407E-AE84-9CA6C7198059}.Debug|Any CPU.ActiveCfg = Debug|Any CPU
		{9AE5F660-7A7A-407E-AE84-9CA6C7198059}.Debug|Any CPU.Build.0 = Debug|Any CPU
		{9AE5F660-7A7A-407E-AE84-9CA6C7198059}.Release|Any CPU.ActiveCfg = Release|Any CPU
		{9AE5F660-7A7A-407E-AE84-9CA6C7198059}.Release|Any CPU.Build.0 = Release|Any CPU
		{896D1268-0489-474A-A23E-822AD480977D}.Debug|Any CPU.ActiveCfg = Debug|Any CPU
		{896D1268-0489-474A-A23E-822AD480977D}.Debug|Any CPU.Build.0 = Debug|Any CPU
		{896D1268-0489-474A-A23E-822AD480977D}.Release|Any CPU.ActiveCfg = Release|Any CPU
		{896D1268-0489-474A-A23E-822AD480977D}.Release|Any CPU.Build.0 = Release|Any CPU
		{A1895675-C08F-440F-80DA-B2275CED7E7D}.Debug|Any CPU.ActiveCfg = Debug|Any CPU
		{A1895675-C08F-440F-80DA-B2275CED7E7D}.Debug|Any CPU.Build.0 = Debug|Any CPU
		{A1895675-C08F-440F-80DA-B2275CED7E7D}.Release|Any CPU.ActiveCfg = Release|Any CPU
		{A1895675-C08F-440F-80DA-B2275CED7E7D}.Release|Any CPU.Build.0 = Release|Any CPU
		{80B71A42-B8FD-4DCB-BAE9-5666D8003B08}.Debug|Any CPU.ActiveCfg = Debug|Any CPU
		{80B71A42-B8FD-4DCB-BAE9-5666D8003B08}.Debug|Any CPU.Build.0 = Debug|Any CPU
		{80B71A42-B8FD-4DCB-BAE9-5666D8003B08}.Release|Any CPU.ActiveCfg = Release|Any CPU
		{80B71A42-B8FD-4DCB-BAE9-5666D8003B08}.Release|Any CPU.Build.0 = Release|Any CPU
	EndGlobalSection
	GlobalSection(SolutionProperties) = preSolution
		HideSolutionNode = FALSE
	EndGlobalSection
	GlobalSection(NestedProjects) = preSolution
		{9D19BBAA-CE5D-4AD3-9231-68C1EE9CA267} = {B06D678A-E85F-485F-9E18-219683DC958E}
		{724FA726-FF23-4178-A66D-450AD0C295A5} = {B1E3584C-275F-4E89-9D17-BF74882D5465}
		{171F3E89-9825-4D0B-B50F-662F1FB9EC43} = {17A8060F-4D72-4F76-A50E-1A12A15907BE}
		{9EFBA4A2-6B3D-4F1E-8B74-62BAF342C73B} = {17A8060F-4D72-4F76-A50E-1A12A15907BE}
		{8CF38C42-A06F-4858-B3AB-1144A74B4D3E} = {B1E3584C-275F-4E89-9D17-BF74882D5465}
		{8AFD112E-895D-435E-926B-99D4A13A2AE4} = {17A8060F-4D72-4F76-A50E-1A12A15907BE}
		{3F3A868E-08B0-4E53-81EA-1E8C1964C33E} = {17A8060F-4D72-4F76-A50E-1A12A15907BE}
		{AF221FED-9321-40E9-8F6C-5D0ABE1DA18F} = {17A8060F-4D72-4F76-A50E-1A12A15907BE}
		{25570D43-A2C8-461A-89A4-4C049E14C052} = {B1E3584C-275F-4E89-9D17-BF74882D5465}
		{3504934A-4B39-419A-AD1E-4DD5A36B4FF9} = {B1E3584C-275F-4E89-9D17-BF74882D5465}
		{9B625355-F871-4E1B-BD3F-DEADBFC88902} = {17A8060F-4D72-4F76-A50E-1A12A15907BE}
		{D599C452-0098-4693-8CC3-6BCA9DD02D0C} = {17A8060F-4D72-4F76-A50E-1A12A15907BE}
		{AC031113-F525-4263-A608-C24FEBD5D005} = {B1E3584C-275F-4E89-9D17-BF74882D5465}
		{99CE05FE-84CD-4CF1-8B00-E4E422154E43} = {DA527458-A1A3-4D2D-A383-A705EA181EF4}
		{9AE5F660-7A7A-407E-AE84-9CA6C7198059} = {4A512285-0E5A-4C67-BBED-9984A880A8BD}
		{896D1268-0489-474A-A23E-822AD480977D} = {EE1E4C43-A409-403C-8752-55C2608F52CA}
		{A1895675-C08F-440F-80DA-B2275CED7E7D} = {EE1E4C43-A409-403C-8752-55C2608F52CA}
		{80B71A42-B8FD-4DCB-BAE9-5666D8003B08} = {94DCFDB9-D975-4586-8C3C-CDF945F81EF6}
	EndGlobalSection
	GlobalSection(ExtensibilityGlobals) = postSolution
		SolutionGuid = {E278837F-4CA4-43C3-9874-FE884FA0982F}
	EndGlobalSection
EndGlobal
